
Microsoft Visual Studio Solution File, Format Version 12.00
# Visual Studio Version 17
VisualStudioVersion = 17.9.34728.123
MinimumVisualStudioVersion = 10.0.40219.1
Project("{FAE04EC0-301F-11D3-BF4B-00C04F79EFBC}") = "CasaPopular", "CasaPopular\CasaPopular.csproj", "{D78067DD-2551-431E-889A-D51946E1A640}"
EndProject
Project("{FAE04EC0-301F-11D3-BF4B-00C04F79EFBC}") = "CasaPopular.Tests", "CasaPopular.Tests\CasaPopular.Tests.csproj", "{F3720958-BCFA-4C36-B722-687D8003B77A}"
EndProject
Global
	GlobalSection(SolutionConfigurationPlatforms) = preSolution
		Debug|Any CPU = Debug|Any CPU
		Release|Any CPU = Release|Any CPU
	EndGlobalSection
	GlobalSection(ProjectConfigurationPlatforms) = postSolution
		{D78067DD-2551-431E-889A-D51946E1A640}.Debug|Any CPU.ActiveCfg = Debug|Any CPU
		{D78067DD-2551-431E-889A-D51946E1A640}.Debug|Any CPU.Build.0 = Debug|Any CPU
		{D78067DD-2551-431E-889A-D51946E1A640}.Release|Any CPU.ActiveCfg = Release|Any CPU
		{D78067DD-2551-431E-889A-D51946E1A640}.Release|Any CPU.Build.0 = Release|Any CPU
		{F3720958-BCFA-4C36-B722-687D8003B77A}.Debug|Any CPU.ActiveCfg = Debug|Any CPU
		{F3720958-BCFA-4C36-B722-687D8003B77A}.Debug|Any CPU.Build.0 = Debug|Any CPU
		{F3720958-BCFA-4C36-B722-687D8003B77A}.Release|Any CPU.ActiveCfg = Release|Any CPU
		{F3720958-BCFA-4C36-B722-687D8003B77A}.Release|Any CPU.Build.0 = Release|Any CPU
	EndGlobalSection
	GlobalSection(SolutionProperties) = preSolution
		HideSolutionNode = FALSE
	EndGlobalSection
	GlobalSection(ExtensibilityGlobals) = postSolution
		SolutionGuid = {C06551F6-9355-4318-A38F-0493BFCC381A}
	EndGlobalSection
EndGlobal
